
Microsoft Visual Studio Solution File, Format Version 12.00
# Visual Studio Version 16
VisualStudioVersion = 16.0.28803.452
MinimumVisualStudioVersion = 10.0.40219.1
Project("{FAE04EC0-301F-11D3-BF4B-00C04F79EFBC}") = "CustomKits", "CustomKits.csproj", "{5762B068-8690-41EF-BAC4-E58C495989EB}"
EndProject
Global
	GlobalSection(SolutionConfigurationPlatforms) = preSolution
		Debug|Any CPU = Debug|Any CPU
		Release|Any CPU = Release|Any CPU
	EndGlobalSection
	GlobalSection(ProjectConfigurationPlatforms) = postSolution
		{5762B068-8690-41EF-BAC4-E58C495989EB}.Debug|Any CPU.ActiveCfg = Debug|Any CPU
		{5762B068-8690-41EF-BAC4-E58C495989EB}.Debug|Any CPU.Build.0 = Debug|Any CPU
		{5762B068-8690-41EF-BAC4-E58C495989EB}.Release|Any CPU.ActiveCfg = Release|Any CPU
		{5762B068-8690-41EF-BAC4-E58C495989EB}.Release|Any CPU.Build.0 = Release|Any CPU
	EndGlobalSection
	GlobalSection(SolutionProperties) = preSolution
		HideSolutionNode = FALSE
	EndGlobalSection
	GlobalSection(ExtensibilityGlobals) = postSolution
		SolutionGuid = {A316A4F2-2E38-4D62-A806-555916B6174B}
	EndGlobalSection
EndGlobal
